<?xml version="1.0" encoding="utf-8"?>
<Project ToolsVersion="4.0" xmlns="http://schemas.microsoft.com/developer/msbuild/2003">
  <ItemGroup>
    <Filter Include="Source Files">
      <UniqueIdentifier>{4FC737F1-C7A5-4376-A066-2A32D752A2FF}</UniqueIdentifier>
      <Extensions>cpp;c;cc;cxx;def;odl;idl;hpj;bat;asm;asmx</Extensions>
    </Filter>
    <Filter Include="Source Files\headers">
      <UniqueIdentifier>{9266f084-005d-4da5-b50d-fae4cdabfa0e}</UniqueIdentifier>
    </Filter>
  </ItemGroup>
  <ItemGroup>
    <ClCompile Include="..\..\Sources\GeonetcastToolboxUI\apps.cpp">
      <Filter>Source Files</Filter>
    </ClCompile>
    <ClCompile Include="..\..\Sources\GeonetcastToolboxUI\GeonetcCastFrm.cpp">
      <Filter>Source Files</Filter>
    </ClCompile>
    <ClCompile Include="..\..\Sources\GeonetcastToolboxUI\IniFile.cpp">
      <Filter>Source Files</Filter>
    </ClCompile>
    <ClCompile Include="..\..\Sources\GeonetcastToolboxUI\MorePages.cpp">
      <Filter>Source Files</Filter>
    </ClCompile>
    <ClCompile Include="..\..\Sources\GeonetcastToolboxUI\Page.cpp">
      <Filter>Source Files</Filter>
    </ClCompile>
    <ClCompile Include="..\..\Sources\GeonetcastToolboxUI\Pages.cpp">
      <Filter>Source Files</Filter>
    </ClCompile>
  </ItemGroup>
  <ItemGroup>
    <ClInclude Include="..\..\Sources\GeonetcastToolboxUI\GeonetcCastFrm.h">
      <Filter>Source Files\headers</Filter>
    </ClInclude>
    <ClInclude Include="..\..\Sources\GeonetcastToolboxUI\IniFile.h">
      <Filter>Source Files\headers</Filter>
    </ClInclude>
    <ClInclude Include="..\..\Sources\GeonetcastToolboxUI\MorePages.h">
      <Filter>Source Files\headers</Filter>
    </ClInclude>
    <ClInclude Include="..\..\Sources\GeonetcastToolboxUI\Page.h">
      <Filter>Source Files\headers</Filter>
    </ClInclude>
    <ClInclude Include="..\..\Sources\GeonetcastToolboxUI\Pages.h">
      <Filter>Source Files\headers</Filter>
    </ClInclude>
    <ClInclude Include="..\..\Sources\GeonetcastToolboxUI\AmesdSadc.h" />
    <ClInclude Include="..\..\Sources\GeonetcastToolboxUI\DDSFrm.h" />
  </ItemGroup>
</Project>