<?xml version="1.0" encoding="utf-8"?>
<Project ToolsVersion="4.0" xmlns="http://schemas.microsoft.com/developer/msbuild/2003">
  <ItemGroup>
    <Filter Include="Header">
      <UniqueIdentifier>{ba4643ef-5d83-4bc5-b23b-c22732dfbf76}</UniqueIdentifier>
      <Extensions>h;hpp</Extensions>
    </Filter>
    <Filter Include="Source Files">
      <UniqueIdentifier>{70c53e1d-bf94-4c29-8b8b-cebb85584ed3}</UniqueIdentifier>
      <Extensions>c;cpp</Extensions>
    </Filter>
  </ItemGroup>
  <ItemGroup>
    <ClInclude Include="..\..\Sources\SegmentApplicationsUI\frmsegap.h">
      <Filter>Header</Filter>
    </ClInclude>
    <ClInclude Include="..\..\Sources\SegmentApplicationsUI\frmSegmentTIN.h">
      <Filter>Header</Filter>
    </ClInclude>
    <ClInclude Include="..\..\Sources\SegmentApplicationsUI\frmSegRelate.h">
      <Filter>Header</Filter>
    </ClInclude>
    <ClInclude Include="..\..\Sources\SegmentApplicationsUI\SegmentMapDifference.h">
      <Filter>Header</Filter>
    </ClInclude>
    <ClInclude Include="..\..\Sources\SegmentApplicationsUI\SegmentMapFromPointFrm.h">
      <Filter>Header</Filter>
    </ClInclude>
    <ClInclude Include="..\..\Sources\SegmentApplicationsUI\SegmentMapFromRasValueBndFrm.h">
      <Filter>Header</Filter>
    </ClInclude>
    <ClInclude Include="..\..\Sources\SegmentApplicationsUI\SegmentMapIntersection.h">
      <Filter>Header</Filter>
    </ClInclude>
    <ClInclude Include="..\..\Sources\SegmentApplicationsUI\SegmentMapSymDifference.h">
      <Filter>Header</Filter>
    </ClInclude>
    <ClInclude Include="..\..\Sources\SegmentApplicationsUI\SegmentMapUnion.h">
      <Filter>Header</Filter>
    </ClInclude>
    <ClInclude Include="..\..\Sources\SegmentApplicationsUI\SegmentVoronoi.h">
      <Filter>Header</Filter>
    </ClInclude>
  </ItemGroup>
  <ItemGroup>
    <ClCompile Include="..\..\Sources\SegmentApplicationsUI\apps.cpp">
      <Filter>Source Files</Filter>
    </ClCompile>
    <ClCompile Include="..\..\Sources\SegmentApplicationsUI\frmsegap.cpp">
      <Filter>Source Files</Filter>
    </ClCompile>
    <ClCompile Include="..\..\Sources\SegmentApplicationsUI\frmSegmentTIN.cpp">
      <Filter>Source Files</Filter>
    </ClCompile>
    <ClCompile Include="..\..\Sources\SegmentApplicationsUI\frmSegRelate.cpp">
      <Filter>Source Files</Filter>
    </ClCompile>
    <ClCompile Include="..\..\Sources\SegmentApplicationsUI\SegmentMapDifference.cpp">
      <Filter>Source Files</Filter>
    </ClCompile>
    <ClCompile Include="..\..\Sources\SegmentApplicationsUI\SegmentMapFromPointFrm.cpp">
      <Filter>Source Files</Filter>
    </ClCompile>
    <ClCompile Include="..\..\Sources\SegmentApplicationsUI\SegmentMapFromRasValueBndFrm.cpp">
      <Filter>Source Files</Filter>
    </ClCompile>
    <ClCompile Include="..\..\Sources\SegmentApplicationsUI\SegmentMapIntersection.cpp">
      <Filter>Source Files</Filter>
    </ClCompile>
    <ClCompile Include="..\..\Sources\SegmentApplicationsUI\SegmentMapSymDifference.cpp">
      <Filter>Source Files</Filter>
    </ClCompile>
    <ClCompile Include="..\..\Sources\SegmentApplicationsUI\SegmentMapUnion.cpp">
      <Filter>Source Files</Filter>
    </ClCompile>
    <ClCompile Include="..\..\Sources\SegmentApplicationsUI\SegmentVoronoi.cpp">
      <Filter>Source Files</Filter>
    </ClCompile>
  </ItemGroup>
</Project>