<?xml version="1.0" encoding="utf-8"?>
<Project ToolsVersion="4.0" xmlns="http://schemas.microsoft.com/developer/msbuild/2003">
  <ItemGroup>
    <Filter Include="Source Files">
      <UniqueIdentifier>{4FC737F1-C7A5-4376-A066-2A32D752A2FF}</UniqueIdentifier>
      <Extensions>cpp;c;cc;cxx;def;odl;idl;hpj;bat;asm;asmx</Extensions>
    </Filter>
    <Filter Include="Header Files">
      <UniqueIdentifier>{93995380-89BD-4b04-88EB-625FBE52EBFB}</UniqueIdentifier>
      <Extensions>h;hpp;hxx;hm;inl;inc;xsd</Extensions>
    </Filter>
  </ItemGroup>
  <ItemGroup>
    <ClCompile Include="..\..\Sources\MOGA\DllMain.cpp">
      <Filter>Source Files</Filter>
    </ClCompile>
    <ClCompile Include="..\..\Sources\MOGA\FormLandAllocation.cpp">
      <Filter>Source Files</Filter>
    </ClCompile>
    <ClCompile Include="..\..\Sources\MOGA\GA.cpp">
      <Filter>Source Files</Filter>
    </ClCompile>
    <ClCompile Include="..\..\Sources\MOGA\GAChromosome.cpp">
      <Filter>Source Files</Filter>
    </ClCompile>
    <ClCompile Include="..\..\Sources\MOGA\LandAllocation.cpp">
      <Filter>Source Files</Filter>
    </ClCompile>
    <ClCompile Include="..\..\Sources\MOGA\ParetoFieldGraph.cpp">
      <Filter>Source Files</Filter>
    </ClCompile>
    <ClCompile Include="..\..\Sources\MOGA\ParetoGraphFunction.cpp">
      <Filter>Source Files</Filter>
    </ClCompile>
    <ClCompile Include="..\..\Sources\MOGA\PointMapLandAllocation.cpp">
      <Filter>Source Files</Filter>
    </ClCompile>
  </ItemGroup>
  <ItemGroup>
    <ClInclude Include="..\..\Sources\MOGA\FormLandAllocation.h">
      <Filter>Header Files</Filter>
    </ClInclude>
    <ClInclude Include="..\..\Sources\MOGA\FunctionProvider.h">
      <Filter>Header Files</Filter>
    </ClInclude>
    <ClInclude Include="..\..\Sources\MOGA\GA.h">
      <Filter>Header Files</Filter>
    </ClInclude>
    <ClInclude Include="..\..\Sources\MOGA\GAChromosome.h">
      <Filter>Header Files</Filter>
    </ClInclude>
    <ClInclude Include="..\..\Sources\MOGA\LandAllocation.h">
      <Filter>Header Files</Filter>
    </ClInclude>
    <ClInclude Include="..\..\Sources\MOGA\ParetoFieldGraph.h">
      <Filter>Header Files</Filter>
    </ClInclude>
    <ClInclude Include="..\..\Sources\MOGA\ParetoGraphFunction.h">
      <Filter>Header Files</Filter>
    </ClInclude>
    <ClInclude Include="..\..\Sources\MOGA\PointMapLandAllocation.h">
      <Filter>Header Files</Filter>
    </ClInclude>
  </ItemGroup>
</Project>