<?xml version="1.0" encoding="utf-8"?>
<Project ToolsVersion="4.0" xmlns="http://schemas.microsoft.com/developer/msbuild/2003">
  <ItemGroup>
    <Filter Include="Source Files">
      <UniqueIdentifier>{4FC737F1-C7A5-4376-A066-2A32D752A2FF}</UniqueIdentifier>
      <Extensions>cpp;c;cc;cxx;def;odl;idl;hpj;bat;asm;asmx</Extensions>
    </Filter>
    <Filter Include="Source Files\headers">
      <UniqueIdentifier>{076bfb6b-0699-4bd6-980f-f6a69a55d037}</UniqueIdentifier>
      <Extensions>h;hpp</Extensions>
    </Filter>
  </ItemGroup>
  <ItemGroup>
    <ClCompile Include="..\..\Sources\ApplicationsUI\apps.cpp">
      <Filter>Source Files</Filter>
    </ClCompile>
    <ClCompile Include="..\..\Sources\ApplicationsUI\FormMapAggregateMapList.cpp">
      <Filter>Source Files</Filter>
    </ClCompile>
    <ClCompile Include="..\..\Sources\ApplicationsUI\FormMapColorFromRpr.cpp">
      <Filter>Source Files</Filter>
    </ClCompile>
    <ClCompile Include="..\..\Sources\ApplicationsUI\FormMapListChangeDetection.cpp">
      <Filter>Source Files</Filter>
    </ClCompile>
    <ClCompile Include="..\..\Sources\ApplicationsUI\FormMaplistGraph.cpp">
      <Filter>Source Files</Filter>
    </ClCompile>
    <ClCompile Include="..\..\Sources\ApplicationsUI\FormMapParallaxCorrection.cpp">
      <Filter>Source Files</Filter>
    </ClCompile>
    <ClCompile Include="..\..\Sources\ApplicationsUI\FormNetworkDistance.cpp">
      <Filter>Source Files</Filter>
    </ClCompile>
    <ClCompile Include="..\..\Sources\ApplicationsUI\frmappia.cpp">
      <Filter>Source Files</Filter>
    </ClCompile>
    <ClCompile Include="..\..\Sources\ApplicationsUI\frmmapap.cpp">
      <Filter>Source Files</Filter>
    </ClCompile>
    <ClCompile Include="..\..\Sources\ApplicationsUI\frmmapcl.cpp">
      <Filter>Source Files</Filter>
    </ClCompile>
    <ClCompile Include="..\..\Sources\ApplicationsUI\frmmapfl.cpp">
      <Filter>Source Files</Filter>
    </ClCompile>
    <ClCompile Include="..\..\Sources\ApplicationsUI\frmmapfp.cpp">
      <Filter>Source Files</Filter>
    </ClCompile>
    <ClCompile Include="..\..\Sources\ApplicationsUI\frmmapfs.cpp">
      <Filter>Source Files</Filter>
    </ClCompile>
    <ClCompile Include="..\..\Sources\ApplicationsUI\frmmapip.cpp">
      <Filter>Source Files</Filter>
    </ClCompile>
    <ClCompile Include="..\..\Sources\ApplicationsUI\frmmapsb.cpp">
      <Filter>Source Files</Filter>
    </ClCompile>
    <ClCompile Include="..\..\Sources\ApplicationsUI\frmmatap.cpp">
      <Filter>Source Files</Filter>
    </ClCompile>
    <ClCompile Include="..\..\Sources\ApplicationsUI\frmstereopaircr.cpp">
      <Filter>Source Files</Filter>
    </ClCompile>
    <ClCompile Include="..\..\Sources\ApplicationsUI\frmtblap.cpp">
      <Filter>Source Files</Filter>
    </ClCompile>
    <ClCompile Include="..\..\Sources\ApplicationsUI\frmUniqueId.cpp">
      <Filter>Source Files</Filter>
    </ClCompile>
    <ClCompile Include="..\..\Sources\ApplicationsUI\TableCreateTimeColumn.cpp">
      <Filter>Source Files</Filter>
    </ClCompile>
    <ClCompile Include="..\..\Sources\ApplicationsUI\Tblforms.cpp">
      <Filter>Source Files</Filter>
    </ClCompile>
  </ItemGroup>
  <ItemGroup>
    <ClInclude Include="..\..\Sources\ApplicationsUI\TableCreateTimeColumn.h">
      <Filter>Source Files</Filter>
    </ClInclude>
    <ClInclude Include="..\..\Sources\ApplicationsUI\FormMapAggregateMapList.h">
      <Filter>Source Files\headers</Filter>
    </ClInclude>
    <ClInclude Include="..\..\Sources\ApplicationsUI\FormMapColorFromRpr.h">
      <Filter>Source Files\headers</Filter>
    </ClInclude>
    <ClInclude Include="..\..\Sources\ApplicationsUI\FormMapListChangeDetection.h">
      <Filter>Source Files\headers</Filter>
    </ClInclude>
    <ClInclude Include="..\..\Sources\ApplicationsUI\FormMaplistGraph.h">
      <Filter>Source Files\headers</Filter>
    </ClInclude>
    <ClInclude Include="..\..\Sources\ApplicationsUI\FormMapParallaxCorrection.h">
      <Filter>Source Files\headers</Filter>
    </ClInclude>
    <ClInclude Include="..\..\Sources\ApplicationsUI\FormNetworkDistance.h">
      <Filter>Source Files\headers</Filter>
    </ClInclude>
    <ClInclude Include="..\..\Sources\ApplicationsUI\frmappia.h">
      <Filter>Source Files\headers</Filter>
    </ClInclude>
    <ClInclude Include="..\..\Sources\ApplicationsUI\frmmapap.h">
      <Filter>Source Files\headers</Filter>
    </ClInclude>
    <ClInclude Include="..\..\Sources\ApplicationsUI\frmmapcl.h">
      <Filter>Source Files\headers</Filter>
    </ClInclude>
    <ClInclude Include="..\..\Sources\ApplicationsUI\frmmapip.h">
      <Filter>Source Files\headers</Filter>
    </ClInclude>
    <ClInclude Include="..\..\Sources\ApplicationsUI\frmmatap.h">
      <Filter>Source Files\headers</Filter>
    </ClInclude>
    <ClInclude Include="..\..\Sources\ApplicationsUI\frmstereopaircr.h">
      <Filter>Source Files\headers</Filter>
    </ClInclude>
    <ClInclude Include="..\..\Sources\ApplicationsUI\frmtblap.h">
      <Filter>Source Files\headers</Filter>
    </ClInclude>
    <ClInclude Include="..\..\Sources\ApplicationsUI\frmUniqueId.h">
      <Filter>Source Files\headers</Filter>
    </ClInclude>
    <ClInclude Include="..\..\Sources\ApplicationsUI\Tblforms.h">
      <Filter>Source Files\headers</Filter>
    </ClInclude>
  </ItemGroup>
</Project>